
Microsoft Visual Studio Solution File, Format Version 12.00
# Visual Studio Version 16
VisualStudioVersion = 16.0.29403.142
MinimumVisualStudioVersion = 10.0.40219.1
Project("{FAE04EC0-301F-11D3-BF4B-00C04F79EFBC}") = "Streams", "Streams\Streams.csproj", "{DB72CB2D-7632-4EBA-82F8-AED2744061CB}"
EndProject
Global
	GlobalSection(SolutionConfigurationPlatforms) = preSolution
		Debug|Any CPU = Debug|Any CPU
		Release|Any CPU = Release|Any CPU
	EndGlobalSection
	GlobalSection(ProjectConfigurationPlatforms) = postSolution
		{DB72CB2D-7632-4EBA-82F8-AED2744061CB}.Debug|Any CPU.ActiveCfg = Debug|Any CPU
		{DB72CB2D-7632-4EBA-82F8-AED2744061CB}.Debug|Any CPU.Build.0 = Debug|Any CPU
		{DB72CB2D-7632-4EBA-82F8-AED2744061CB}.Release|Any CPU.ActiveCfg = Release|Any CPU
		{DB72CB2D-7632-4EBA-82F8-AED2744061CB}.Release|Any CPU.Build.0 = Release|Any CPU
	EndGlobalSection
	GlobalSection(SolutionProperties) = preSolution
		HideSolutionNode = FALSE
	EndGlobalSection
	GlobalSection(ExtensibilityGlobals) = postSolution
		SolutionGuid = {DF3FCF24-4D35-4BBE-8488-EEF0CD18A780}
	EndGlobalSection
EndGlobal
